
Microsoft Visual Studio Solution File, Format Version 12.00
Project("{FAE04EC0-301F-11D3-BF4B-00C04F79EFBC}") = "TemporalTableSample", "TemporalTableSample\TemporalTableSample.csproj", "{9063C882-F51F-4265-98E5-DF2E243CF589}"
EndProject
Global
	GlobalSection(SolutionConfigurationPlatforms) = preSolution
		Debug|Any CPU = Debug|Any CPU
		Release|Any CPU = Release|Any CPU
	EndGlobalSection
	GlobalSection(ProjectConfigurationPlatforms) = postSolution
		{9063C882-F51F-4265-98E5-DF2E243CF589}.Debug|Any CPU.ActiveCfg = Debug|Any CPU
		{9063C882-F51F-4265-98E5-DF2E243CF589}.Debug|Any CPU.Build.0 = Debug|Any CPU
		{9063C882-F51F-4265-98E5-DF2E243CF589}.Release|Any CPU.ActiveCfg = Release|Any CPU
		{9063C882-F51F-4265-98E5-DF2E243CF589}.Release|Any CPU.Build.0 = Release|Any CPU
	EndGlobalSection
EndGlobal
